
Microsoft Visual Studio Solution File, Format Version 12.00
# Visual Studio 15
VisualStudioVersion = 15.0.28307.102
MinimumVisualStudioVersion = 10.0.40219.1
Project("{FAE04EC0-301F-11D3-BF4B-00C04F79EFBC}") = "EncrypterAssembly", "EncrypterAssembly\EncrypterAssembly.csproj", "{638BB88A-2979-43C0-9953-8C34F8A6BD52}"
EndProject
Global
	GlobalSection(SolutionConfigurationPlatforms) = preSolution
		Debug|Any CPU = Debug|Any CPU
		Release|Any CPU = Release|Any CPU
	EndGlobalSection
	GlobalSection(ProjectConfigurationPlatforms) = postSolution
		{638BB88A-2979-43C0-9953-8C34F8A6BD52}.Debug|Any CPU.ActiveCfg = Debug|Any CPU
		{638BB88A-2979-43C0-9953-8C34F8A6BD52}.Debug|Any CPU.Build.0 = Debug|Any CPU
		{638BB88A-2979-43C0-9953-8C34F8A6BD52}.Release|Any CPU.ActiveCfg = Release|Any CPU
		{638BB88A-2979-43C0-9953-8C34F8A6BD52}.Release|Any CPU.Build.0 = Release|Any CPU
	EndGlobalSection
	GlobalSection(SolutionProperties) = preSolution
		HideSolutionNode = FALSE
	EndGlobalSection
	GlobalSection(ExtensibilityGlobals) = postSolution
		SolutionGuid = {81D1A677-2575-476E-B433-55B0644E5F3C}
	EndGlobalSection
EndGlobal
